
Microsoft Visual Studio Solution File, Format Version 12.00
# Visual Studio Version 17
VisualStudioVersion = 17.6.33801.468
MinimumVisualStudioVersion = 10.0.40219.1
Project("{FAE04EC0-301F-11D3-BF4B-00C04F79EFBC}") = "Ejercicio4-2890433.UWP", "Ejercicio4-2890433\Ejercicio4-2890433.UWP\Ejercicio4-2890433.UWP.csproj", "{DF942C5E-0102-4732-B9F3-B417CAC50574}"
EndProject
Project("{FAE04EC0-301F-11D3-BF4B-00C04F79EFBC}") = "Ejercicio4-2890433.Android", "Ejercicio4-2890433\Ejercicio4-2890433.Android\Ejercicio4-2890433.Android.csproj", "{9B053D68-F823-419D-BB40-0DEF5D0C33D4}"
EndProject
Project("{FAE04EC0-301F-11D3-BF4B-00C04F79EFBC}") = "Ejercicio4-2890433.iOS", "Ejercicio4-2890433\Ejercicio4-2890433.iOS\Ejercicio4-2890433.iOS.csproj", "{1521F3B0-49EE-4CA7-B855-731CC98EAF9F}"
EndProject
Project("{FAE04EC0-301F-11D3-BF4B-00C04F79EFBC}") = "Ejercicio4-2890433", "Ejercicio4-2890433\Ejercicio4-2890433\Ejercicio4-2890433.csproj", "{94BC20AB-14DD-47C6-B1EA-E369F5C9E18D}"
EndProject
Global
	GlobalSection(SolutionConfigurationPlatforms) = preSolution
		Debug|Any CPU = Debug|Any CPU
		Debug|ARM = Debug|ARM
		Debug|iPhone = Debug|iPhone
		Debug|iPhoneSimulator = Debug|iPhoneSimulator
		Debug|x64 = Debug|x64
		Debug|x86 = Debug|x86
		Release|Any CPU = Release|Any CPU
		Release|ARM = Release|ARM
		Release|iPhone = Release|iPhone
		Release|iPhoneSimulator = Release|iPhoneSimulator
		Release|x64 = Release|x64
		Release|x86 = Release|x86
	EndGlobalSection
	GlobalSection(ProjectConfigurationPlatforms) = postSolution
		{DF942C5E-0102-4732-B9F3-B417CAC50574}.Debug|Any CPU.ActiveCfg = Debug|x64
		{DF942C5E-0102-4732-B9F3-B417CAC50574}.Debug|Any CPU.Build.0 = Debug|x64
		{DF942C5E-0102-4732-B9F3-B417CAC50574}.Debug|Any CPU.Deploy.0 = Debug|x64
		{DF942C5E-0102-4732-B9F3-B417CAC50574}.Debug|ARM.ActiveCfg = Debug|ARM
		{DF942C5E-0102-4732-B9F3-B417CAC50574}.Debug|ARM.Build.0 = Debug|ARM
		{DF942C5E-0102-4732-B9F3-B417CAC50574}.Debug|ARM.Deploy.0 = Debug|ARM
		{DF942C5E-0102-4732-B9F3-B417CAC50574}.Debug|iPhone.ActiveCfg = Debug|x64
		{DF942C5E-0102-4732-B9F3-B417CAC50574}.Debug|iPhone.Build.0 = Debug|x64
		{DF942C5E-0102-4732-B9F3-B417CAC50574}.Debug|iPhone.Deploy.0 = Debug|x64
		{DF942C5E-0102-4732-B9F3-B417CAC50574}.Debug|iPhoneSimulator.ActiveCfg = Debug|x64
		{DF942C5E-0102-4732-B9F3-B417CAC50574}.Debug|iPhoneSimulator.Build.0 = Debug|x64
		{DF942C5E-0102-4732-B9F3-B417CAC50574}.Debug|iPhoneSimulator.Deploy.0 = Debug|x64
		{DF942C5E-0102-4732-B9F3-B417CAC50574}.Debug|x64.ActiveCfg = Debug|x64
		{DF942C5E-0102-4732-B9F3-B417CAC50574}.Debug|x64.Build.0 = Debug|x64
		{DF942C5E-0102-4732-B9F3-B417CAC50574}.Debug|x64.Deploy.0 = Debug|x64
		{DF942C5E-0102-4732-B9F3-B417CAC50574}.Debug|x86.ActiveCfg = Debug|x86
		{DF942C5E-0102-4732-B9F3-B417CAC50574}.Debug|x86.Build.0 = Debug|x86
		{DF942C5E-0102-4732-B9F3-B417CAC50574}.Debug|x86.Deploy.0 = Debug|x86
		{DF942C5E-0102-4732-B9F3-B417CAC50574}.Release|Any CPU.ActiveCfg = Release|x64
		{DF942C5E-0102-4732-B9F3-B417CAC50574}.Release|Any CPU.Build.0 = Release|x64
		{DF942C5E-0102-4732-B9F3-B417CAC50574}.Release|Any CPU.Deploy.0 = Release|x64
		{DF942C5E-0102-4732-B9F3-B417CAC50574}.Release|ARM.ActiveCfg = Release|ARM
		{DF942C5E-0102-4732-B9F3-B417CAC50574}.Release|ARM.Build.0 = Release|ARM
		{DF942C5E-0102-4732-B9F3-B417CAC50574}.Release|ARM.Deploy.0 = Release|ARM
		{DF942C5E-0102-4732-B9F3-B417CAC50574}.Release|iPhone.ActiveCfg = Release|x64
		{DF942C5E-0102-4732-B9F3-B417CAC50574}.Release|iPhone.Build.0 = Release|x64
		{DF942C5E-0102-4732-B9F3-B417CAC50574}.Release|iPhone.Deploy.0 = Release|x64
		{DF942C5E-0102-4732-B9F3-B417CAC50574}.Release|iPhoneSimulator.ActiveCfg = Release|x64
		{DF942C5E-0102-4732-B9F3-B417CAC50574}.Release|iPhoneSimulator.Build.0 = Release|x64
		{DF942C5E-0102-4732-B9F3-B417CAC50574}.Release|iPhoneSimulator.Deploy.0 = Release|x64
		{DF942C5E-0102-4732-B9F3-B417CAC50574}.Release|x64.ActiveCfg = Release|x64
		{DF942C5E-0102-4732-B9F3-B417CAC50574}.Release|x64.Build.0 = Release|x64
		{DF942C5E-0102-4732-B9F3-B417CAC50574}.Release|x64.Deploy.0 = Release|x64
		{DF942C5E-0102-4732-B9F3-B417CAC50574}.Release|x86.ActiveCfg = Release|x86
		{DF942C5E-0102-4732-B9F3-B417CAC50574}.Release|x86.Build.0 = Release|x86
		{DF942C5E-0102-4732-B9F3-B417CAC50574}.Release|x86.Deploy.0 = Release|x86
		{9B053D68-F823-419D-BB40-0DEF5D0C33D4}.Debug|Any CPU.ActiveCfg = Debug|Any CPU
		{9B053D68-F823-419D-BB40-0DEF5D0C33D4}.Debug|Any CPU.Build.0 = Debug|Any CPU
		{9B053D68-F823-419D-BB40-0DEF5D0C33D4}.Debug|Any CPU.Deploy.0 = Debug|Any CPU
		{9B053D68-F823-419D-BB40-0DEF5D0C33D4}.Debug|ARM.ActiveCfg = Debug|Any CPU
		{9B053D68-F823-419D-BB40-0DEF5D0C33D4}.Debug|ARM.Build.0 = Debug|Any CPU
		{9B053D68-F823-419D-BB40-0DEF5D0C33D4}.Debug|ARM.Deploy.0 = Debug|Any CPU
		{9B053D68-F823-419D-BB40-0DEF5D0C33D4}.Debug|iPhone.ActiveCfg = Debug|Any CPU
		{9B053D68-F823-419D-BB40-0DEF5D0C33D4}.Debug|iPhone.Build.0 = Debug|Any CPU
		{9B053D68-F823-419D-BB40-0DEF5D0C33D4}.Debug|iPhone.Deploy.0 = Debug|Any CPU
		{9B053D68-F823-419D-BB40-0DEF5D0C33D4}.Debug|iPhoneSimulator.ActiveCfg = Debug|Any CPU
		{9B053D68-F823-419D-BB40-0DEF5D0C33D4}.Debug|iPhoneSimulator.Build.0 = Debug|Any CPU
		{9B053D68-F823-419D-BB40-0DEF5D0C33D4}.Debug|iPhoneSimulator.Deploy.0 = Debug|Any CPU
		{9B053D68-F823-419D-BB40-0DEF5D0C33D4}.Debug|x64.ActiveCfg = Debug|Any CPU
		{9B053D68-F823-419D-BB40-0DEF5D0C33D4}.Debug|x64.Build.0 = Debug|Any CPU
		{9B053D68-F823-419D-BB40-0DEF5D0C33D4}.Debug|x64.Deploy.0 = Debug|Any CPU
		{9B053D68-F823-419D-BB40-0DEF5D0C33D4}.Debug|x86.ActiveCfg = Debug|Any CPU
		{9B053D68-F823-419D-BB40-0DEF5D0C33D4}.Debug|x86.Build.0 = Debug|Any CPU
		{9B053D68-F823-419D-BB40-0DEF5D0C33D4}.Debug|x86.Deploy.0 = Debug|Any CPU
		{9B053D68-F823-419D-BB40-0DEF5D0C33D4}.Release|Any CPU.ActiveCfg = Release|Any CPU
		{9B053D68-F823-419D-BB40-0DEF5D0C33D4}.Release|Any CPU.Build.0 = Release|Any CPU
		{9B053D68-F823-419D-BB40-0DEF5D0C33D4}.Release|Any CPU.Deploy.0 = Release|Any CPU
		{9B053D68-F823-419D-BB40-0DEF5D0C33D4}.Release|ARM.ActiveCfg = Release|Any CPU
		{9B053D68-F823-419D-BB40-0DEF5D0C33D4}.Release|ARM.Build.0 = Release|Any CPU
		{9B053D68-F823-419D-BB40-0DEF5D0C33D4}.Release|ARM.Deploy.0 = Release|Any CPU
		{9B053D68-F823-419D-BB40-0DEF5D0C33D4}.Release|iPhone.ActiveCfg = Release|Any CPU
		{9B053D68-F823-419D-BB40-0DEF5D0C33D4}.Release|iPhone.Build.0 = Release|Any CPU
		{9B053D68-F823-419D-BB40-0DEF5D0C33D4}.Release|iPhone.Deploy.0 = Release|Any CPU
		{9B053D68-F823-419D-BB40-0DEF5D0C33D4}.Release|iPhoneSimulator.ActiveCfg = Release|Any CPU
		{9B053D68-F823-419D-BB40-0DEF5D0C33D4}.Release|iPhoneSimulator.Build.0 = Release|Any CPU
		{9B053D68-F823-419D-BB40-0DEF5D0C33D4}.Release|iPhoneSimulator.Deploy.0 = Release|Any CPU
		{9B053D68-F823-419D-BB40-0DEF5D0C33D4}.Release|x64.ActiveCfg = Release|Any CPU
		{9B053D68-F823-419D-BB40-0DEF5D0C33D4}.Release|x64.Build.0 = Release|Any CPU
		{9B053D68-F823-419D-BB40-0DEF5D0C33D4}.Release|x64.Deploy.0 = Release|Any CPU
		{9B053D68-F823-419D-BB40-0DEF5D0C33D4}.Release|x86.ActiveCfg = Release|Any CPU
		{9B053D68-F823-419D-BB40-0DEF5D0C33D4}.Release|x86.Build.0 = Release|Any CPU
		{9B053D68-F823-419D-BB40-0DEF5D0C33D4}.Release|x86.Deploy.0 = Release|Any CPU
		{1521F3B0-49EE-4CA7-B855-731CC98EAF9F}.Debug|Any CPU.ActiveCfg = Debug|iPhoneSimulator
		{1521F3B0-49EE-4CA7-B855-731CC98EAF9F}.Debug|Any CPU.Build.0 = Debug|iPhoneSimulator
		{1521F3B0-49EE-4CA7-B855-731CC98EAF9F}.Debug|Any CPU.Deploy.0 = Debug|iPhoneSimulator
		{1521F3B0-49EE-4CA7-B855-731CC98EAF9F}.Debug|ARM.ActiveCfg = Debug|iPhoneSimulator
		{1521F3B0-49EE-4CA7-B855-731CC98EAF9F}.Debug|ARM.Build.0 = Debug|iPhoneSimulator
		{1521F3B0-49EE-4CA7-B855-731CC98EAF9F}.Debug|ARM.Deploy.0 = Debug|iPhoneSimulator
		{1521F3B0-49EE-4CA7-B855-731CC98EAF9F}.Debug|iPhone.ActiveCfg = Debug|iPhone
		{1521F3B0-49EE-4CA7-B855-731CC98EAF9F}.Debug|iPhone.Build.0 = Debug|iPhone
		{1521F3B0-49EE-4CA7-B855-731CC98EAF9F}.Debug|iPhone.Deploy.0 = Debug|iPhone
		{1521F3B0-49EE-4CA7-B855-731CC98EAF9F}.Debug|iPhoneSimulator.ActiveCfg = Debug|iPhoneSimulator
		{1521F3B0-49EE-4CA7-B855-731CC98EAF9F}.Debug|iPhoneSimulator.Build.0 = Debug|iPhoneSimulator
		{1521F3B0-49EE-4CA7-B855-731CC98EAF9F}.Debug|iPhoneSimulator.Deploy.0 = Debug|iPhoneSimulator
		{1521F3B0-49EE-4CA7-B855-731CC98EAF9F}.Debug|x64.ActiveCfg = Debug|iPhone
		{1521F3B0-49EE-4CA7-B855-731CC98EAF9F}.Debug|x64.Build.0 = Debug|iPhone
		{1521F3B0-49EE-4CA7-B855-731CC98EAF9F}.Debug|x64.Deploy.0 = Debug|iPhone
		{1521F3B0-49EE-4CA7-B855-731CC98EAF9F}.Debug|x86.ActiveCfg = Debug|iPhoneSimulator
		{1521F3B0-49EE-4CA7-B855-731CC98EAF9F}.Debug|x86.Build.0 = Debug|iPhoneSimulator
		{1521F3B0-49EE-4CA7-B855-731CC98EAF9F}.Debug|x86.Deploy.0 = Debug|iPhoneSimulator
		{1521F3B0-49EE-4CA7-B855-731CC98EAF9F}.Release|Any CPU.ActiveCfg = Release|iPhoneSimulator
		{1521F3B0-49EE-4CA7-B855-731CC98EAF9F}.Release|Any CPU.Build.0 = Release|iPhoneSimulator
		{1521F3B0-49EE-4CA7-B855-731CC98EAF9F}.Release|Any CPU.Deploy.0 = Release|iPhoneSimulator
		{1521F3B0-49EE-4CA7-B855-731CC98EAF9F}.Release|ARM.ActiveCfg = Release|iPhoneSimulator
		{1521F3B0-49EE-4CA7-B855-731CC98EAF9F}.Release|ARM.Build.0 = Release|iPhoneSimulator
		{1521F3B0-49EE-4CA7-B855-731CC98EAF9F}.Release|ARM.Deploy.0 = Release|iPhoneSimulator
		{1521F3B0-49EE-4CA7-B855-731CC98EAF9F}.Release|iPhone.ActiveCfg = Release|iPhone
		{1521F3B0-49EE-4CA7-B855-731CC98EAF9F}.Release|iPhone.Build.0 = Release|iPhone
		{1521F3B0-49EE-4CA7-B855-731CC98EAF9F}.Release|iPhone.Deploy.0 = Release|iPhone
		{1521F3B0-49EE-4CA7-B855-731CC98EAF9F}.Release|iPhoneSimulator.ActiveCfg = Release|iPhoneSimulator
		{1521F3B0-49EE-4CA7-B855-731CC98EAF9F}.Release|iPhoneSimulator.Build.0 = Release|iPhoneSimulator
		{1521F3B0-49EE-4CA7-B855-731CC98EAF9F}.Release|iPhoneSimulator.Deploy.0 = Release|iPhoneSimulator
		{1521F3B0-49EE-4CA7-B855-731CC98EAF9F}.Release|x64.ActiveCfg = Release|iPhoneSimulator
		{1521F3B0-49EE-4CA7-B855-731CC98EAF9F}.Release|x64.Build.0 = Release|iPhoneSimulator
		{1521F3B0-49EE-4CA7-B855-731CC98EAF9F}.Release|x64.Deploy.0 = Release|iPhoneSimulator
		{1521F3B0-49EE-4CA7-B855-731CC98EAF9F}.Release|x86.ActiveCfg = Release|iPhoneSimulator
		{1521F3B0-49EE-4CA7-B855-731CC98EAF9F}.Release|x86.Build.0 = Release|iPhoneSimulator
		{1521F3B0-49EE-4CA7-B855-731CC98EAF9F}.Release|x86.Deploy.0 = Release|iPhoneSimulator
		{94BC20AB-14DD-47C6-B1EA-E369F5C9E18D}.Debug|Any CPU.ActiveCfg = Debug|Any CPU
		{94BC20AB-14DD-47C6-B1EA-E369F5C9E18D}.Debug|Any CPU.Build.0 = Debug|Any CPU
		{94BC20AB-14DD-47C6-B1EA-E369F5C9E18D}.Debug|Any CPU.Deploy.0 = Debug|Any CPU
		{94BC20AB-14DD-47C6-B1EA-E369F5C9E18D}.Debug|ARM.ActiveCfg = Debug|Any CPU
		{94BC20AB-14DD-47C6-B1EA-E369F5C9E18D}.Debug|ARM.Build.0 = Debug|Any CPU
		{94BC20AB-14DD-47C6-B1EA-E369F5C9E18D}.Debug|ARM.Deploy.0 = Debug|Any CPU
		{94BC20AB-14DD-47C6-B1EA-E369F5C9E18D}.Debug|iPhone.ActiveCfg = Debug|Any CPU
		{94BC20AB-14DD-47C6-B1EA-E369F5C9E18D}.Debug|iPhone.Build.0 = Debug|Any CPU
		{94BC20AB-14DD-47C6-B1EA-E369F5C9E18D}.Debug|iPhone.Deploy.0 = Debug|Any CPU
		{94BC20AB-14DD-47C6-B1EA-E369F5C9E18D}.Debug|iPhoneSimulator.ActiveCfg = Debug|Any CPU
		{94BC20AB-14DD-47C6-B1EA-E369F5C9E18D}.Debug|iPhoneSimulator.Build.0 = Debug|Any CPU
		{94BC20AB-14DD-47C6-B1EA-E369F5C9E18D}.Debug|iPhoneSimulator.Deploy.0 = Debug|Any CPU
		{94BC20AB-14DD-47C6-B1EA-E369F5C9E18D}.Debug|x64.ActiveCfg = Debug|Any CPU
		{94BC20AB-14DD-47C6-B1EA-E369F5C9E18D}.Debug|x64.Build.0 = Debug|Any CPU
		{94BC20AB-14DD-47C6-B1EA-E369F5C9E18D}.Debug|x64.Deploy.0 = Debug|Any CPU
		{94BC20AB-14DD-47C6-B1EA-E369F5C9E18D}.Debug|x86.ActiveCfg = Debug|Any CPU
		{94BC20AB-14DD-47C6-B1EA-E369F5C9E18D}.Debug|x86.Build.0 = Debug|Any CPU
		{94BC20AB-14DD-47C6-B1EA-E369F5C9E18D}.Debug|x86.Deploy.0 = Debug|Any CPU
		{94BC20AB-14DD-47C6-B1EA-E369F5C9E18D}.Release|Any CPU.ActiveCfg = Release|Any CPU
		{94BC20AB-14DD-47C6-B1EA-E369F5C9E18D}.Release|Any CPU.Build.0 = Release|Any CPU
		{94BC20AB-14DD-47C6-B1EA-E369F5C9E18D}.Release|Any CPU.Deploy.0 = Release|Any CPU
		{94BC20AB-14DD-47C6-B1EA-E369F5C9E18D}.Release|ARM.ActiveCfg = Release|Any CPU
		{94BC20AB-14DD-47C6-B1EA-E369F5C9E18D}.Release|ARM.Build.0 = Release|Any CPU
		{94BC20AB-14DD-47C6-B1EA-E369F5C9E18D}.Release|ARM.Deploy.0 = Release|Any CPU
		{94BC20AB-14DD-47C6-B1EA-E369F5C9E18D}.Release|iPhone.ActiveCfg = Release|Any CPU
		{94BC20AB-14DD-47C6-B1EA-E369F5C9E18D}.Release|iPhone.Build.0 = Release|Any CPU
		{94BC20AB-14DD-47C6-B1EA-E369F5C9E18D}.Release|iPhone.Deploy.0 = Release|Any CPU
		{94BC20AB-14DD-47C6-B1EA-E369F5C9E18D}.Release|iPhoneSimulator.ActiveCfg = Release|Any CPU
		{94BC20AB-14DD-47C6-B1EA-E369F5C9E18D}.Release|iPhoneSimulator.Build.0 = Release|Any CPU
		{94BC20AB-14DD-47C6-B1EA-E369F5C9E18D}.Release|iPhoneSimulator.Deploy.0 = Release|Any CPU
		{94BC20AB-14DD-47C6-B1EA-E369F5C9E18D}.Release|x64.ActiveCfg = Release|Any CPU
		{94BC20AB-14DD-47C6-B1EA-E369F5C9E18D}.Release|x64.Build.0 = Release|Any CPU
		{94BC20AB-14DD-47C6-B1EA-E369F5C9E18D}.Release|x64.Deploy.0 = Release|Any CPU
		{94BC20AB-14DD-47C6-B1EA-E369F5C9E18D}.Release|x86.ActiveCfg = Release|Any CPU
		{94BC20AB-14DD-47C6-B1EA-E369F5C9E18D}.Release|x86.Build.0 = Release|Any CPU
		{94BC20AB-14DD-47C6-B1EA-E369F5C9E18D}.Release|x86.Deploy.0 = Release|Any CPU
	EndGlobalSection
	GlobalSection(SolutionProperties) = preSolution
		HideSolutionNode = FALSE
	EndGlobalSection
	GlobalSection(ExtensibilityGlobals) = postSolution
		SolutionGuid = {07715012-DC27-4E59-ABF3-046909CC1853}
	EndGlobalSection
EndGlobal
